// !$*UTF8*$!
{
	archiveVersion = 1;
	classes = {
	};
	objectVersion = 50;
	objects = {

/* Begin PBXBuildFile section */
		9F7F6F8127F1B5360064CE11 /* AppDelegate.swift in Sources */ = {isa = PBXBuildFile; fileRef = 9F7F6F8027F1B5360064CE11 /* AppDelegate.swift */; };
		9F7F6F8327F1B5360064CE11 /* SceneDelegate.swift in Sources */ = {isa = PBXBuildFile; fileRef = 9F7F6F8227F1B5360064CE11 /* SceneDelegate.swift */; };
		9F7F6F8527F1B5360064CE11 /* SearchViewController.swift in Sources */ = {isa = PBXBuildFile; fileRef = 9F7F6F8427F1B5360064CE11 /* SearchViewController.swift */; };
		9F7F6F8827F1B5360064CE11 /* Main.storyboard in Resources */ = {isa = PBXBuildFile; fileRef = 9F7F6F8627F1B5360064CE11 /* Main.storyboard */; };
		9F7F6F8A27F1B5370064CE11 /* Assets.xcassets in Resources */ = {isa = PBXBuildFile; fileRef = 9F7F6F8927F1B5370064CE11 /* Assets.xcassets */; };
		9F7F6F8D27F1B5370064CE11 /* LaunchScreen.storyboard in Resources */ = {isa = PBXBuildFile; fileRef = 9F7F6F8B27F1B5370064CE11 /* LaunchScreen.storyboard */; };
		9F7F6F9527F1BFC40064CE11 /* Constants.swift in Sources */ = {isa = PBXBuildFile; fileRef = 9F7F6F9427F1BFC40064CE11 /* Constants.swift */; };
		9F7F6F9B27F1D0E20064CE11 /* Extensions.swift in Sources */ = {isa = PBXBuildFile; fileRef = 9F7F6F9A27F1D0E20064CE11 /* Extensions.swift */; };
		9F7F6F9F27F1DE440064CE11 /* WeatherInfoViewController.swift in Sources */ = {isa = PBXBuildFile; fileRef = 9F7F6F9E27F1DE440064CE11 /* WeatherInfoViewController.swift */; };
		9F7F6FA127F1E3EF0064CE11 /* SearchTableViewCell.swift in Sources */ = {isa = PBXBuildFile; fileRef = 9F7F6FA027F1E3EF0064CE11 /* SearchTableViewCell.swift */; };
/* End PBXBuildFile section */

/* Begin PBXFileReference section */
		9F7F6F7D27F1B5360064CE11 /* WeatherApp.app */ = {isa = PBXFileReference; explicitFileType = wrapper.application; includeInIndex = 0; path = WeatherApp.app; sourceTree = BUILT_PRODUCTS_DIR; };
		9F7F6F8027F1B5360064CE11 /* AppDelegate.swift */ = {isa = PBXFileReference; lastKnownFileType = sourcecode.swift; path = AppDelegate.swift; sourceTree = "<group>"; };
		9F7F6F8227F1B5360064CE11 /* SceneDelegate.swift */ = {isa = PBXFileReference; lastKnownFileType = sourcecode.swift; path = SceneDelegate.swift; sourceTree = "<group>"; };
		9F7F6F8427F1B5360064CE11 /* SearchViewController.swift */ = {isa = PBXFileReference; lastKnownFileType = sourcecode.swift; path = SearchViewController.swift; sourceTree = "<group>"; };
		9F7F6F8727F1B5360064CE11 /* Base */ = {isa = PBXFileReference; lastKnownFileType = file.storyboard; name = Base; path = Base.lproj/Main.storyboard; sourceTree = "<group>"; };
		9F7F6F8927F1B5370064CE11 /* Assets.xcassets */ = {isa = PBXFileReference; lastKnownFileType = folder.assetcatalog; path = Assets.xcassets; sourceTree = "<group>"; };
		9F7F6F8C27F1B5370064CE11 /* Base */ = {isa = PBXFileReference; lastKnownFileType = file.storyboard; name = Base; path = Base.lproj/LaunchScreen.storyboard; sourceTree = "<group>"; };
		9F7F6F8E27F1B5370064CE11 /* Info.plist */ = {isa = PBXFileReference; lastKnownFileType = text.plist.xml; path = Info.plist; sourceTree = "<group>"; };
		9F7F6F9427F1BFC40064CE11 /* Constants.swift */ = {isa = PBXFileReference; lastKnownFileType = sourcecode.swift; path = Constants.swift; sourceTree = "<group>"; };
		9F7F6F9A27F1D0E20064CE11 /* Extensions.swift */ = {isa = PBXFileReference; lastKnownFileType = sourcecode.swift; path = Extensions.swift; sourceTree = "<group>"; };
		9F7F6F9E27F1DE440064CE11 /* WeatherInfoViewController.swift */ = {isa = PBXFileReference; lastKnownFileType = sourcecode.swift; path = WeatherInfoViewController.swift; sourceTree = "<group>"; };
		9F7F6FA027F1E3EF0064CE11 /* SearchTableViewCell.swift */ = {isa = PBXFileReference; lastKnownFileType = sourcecode.swift; path = SearchTableViewCell.swift; sourceTree = "<group>"; };
/* End PBXFileReference section */

/* Begin PBXFrameworksBuildPhase section */
		9F7F6F7A27F1B5360064CE11 /* Frameworks */ = {
			isa = PBXFrameworksBuildPhase;
			buildActionMask = 2147483647;
			files = (
			);
			runOnlyForDeploymentPostprocessing = 0;
		};
/* End PBXFrameworksBuildPhase section */

/* Begin PBXGroup section */
		9F7F6F7427F1B5360064CE11 = {
			isa = PBXGroup;
			children = (
				9F7F6F7F27F1B5360064CE11 /* WeatherApp */,
				9F7F6F7E27F1B5360064CE11 /* Products */,
			);
			sourceTree = "<group>";
		};
		9F7F6F7E27F1B5360064CE11 /* Products */ = {
			isa = PBXGroup;
			children = (
				9F7F6F7D27F1B5360064CE11 /* WeatherApp.app */,
			);
			name = Products;
			sourceTree = "<group>";
		};
		9F7F6F7F27F1B5360064CE11 /* WeatherApp */ = {
			isa = PBXGroup;
			children = (
				9F7F6F9927F1C4F60064CE11 /* Utils */,
				9F7F6F9827F1C4CE0064CE11 /* Views */,
				9F7F6F9727F1C4C50064CE11 /* ViewModels */,
				9F7F6F9627F1C4BA0064CE11 /* Models */,
				9F7F6F8027F1B5360064CE11 /* AppDelegate.swift */,
				9F7F6F8227F1B5360064CE11 /* SceneDelegate.swift */,
				9F7F6F8927F1B5370064CE11 /* Assets.xcassets */,
				9F7F6F8E27F1B5370064CE11 /* Info.plist */,
			);
			path = WeatherApp;
			sourceTree = "<group>";
		};
		9F7F6F9627F1C4BA0064CE11 /* Models */ = {
			isa = PBXGroup;
			children = (
			);
			path = Models;
			sourceTree = "<group>";
		};
		9F7F6F9727F1C4C50064CE11 /* ViewModels */ = {
			isa = PBXGroup;
			children = (
			);
			path = ViewModels;
			sourceTree = "<group>";
		};
		9F7F6F9827F1C4CE0064CE11 /* Views */ = {
			isa = PBXGroup;
			children = (
				9F7F6F8427F1B5360064CE11 /* SearchViewController.swift */,
				9F7F6F8627F1B5360064CE11 /* Main.storyboard */,
				9F7F6F8B27F1B5370064CE11 /* LaunchScreen.storyboard */,
				9F7F6F9E27F1DE440064CE11 /* WeatherInfoViewController.swift */,
				9F7F6FA027F1E3EF0064CE11 /* SearchTableViewCell.swift */,
			);
			path = Views;
			sourceTree = "<group>";
		};
		9F7F6F9927F1C4F60064CE11 /* Utils */ = {
			isa = PBXGroup;
			children = (
				9F7F6F9427F1BFC40064CE11 /* Constants.swift */,
				9F7F6F9A27F1D0E20064CE11 /* Extensions.swift */,
			);
			path = Utils;
			sourceTree = "<group>";
		};
/* End PBXGroup section */

/* Begin PBXNativeTarget section */
		9F7F6F7C27F1B5360064CE11 /* WeatherApp */ = {
			isa = PBXNativeTarget;
			buildConfigurationList = 9F7F6F9127F1B5370064CE11 /* Build configuration list for PBXNativeTarget "WeatherApp" */;
			buildPhases = (
				9F7F6F7927F1B5360064CE11 /* Sources */,
				9F7F6F7A27F1B5360064CE11 /* Frameworks */,
				9F7F6F7B27F1B5360064CE11 /* Resources */,
			);
			buildRules = (
			);
			dependencies = (
			);
			name = WeatherApp;
			productName = WeatherApp;
			productReference = 9F7F6F7D27F1B5360064CE11 /* WeatherApp.app */;
			productType = "com.apple.product-type.application";
		};
/* End PBXNativeTarget section */

/* Begin PBXProject section */
		9F7F6F7527F1B5360064CE11 /* Project object */ = {
			isa = PBXProject;
			attributes = {
				LastSwiftUpdateCheck = 1250;
				LastUpgradeCheck = 1250;
				TargetAttributes = {
					9F7F6F7C27F1B5360064CE11 = {
						CreatedOnToolsVersion = 12.5.1;
					};
				};
			};
			buildConfigurationList = 9F7F6F7827F1B5360064CE11 /* Build configuration list for PBXProject "WeatherApp" */;
			compatibilityVersion = "Xcode 9.3";
			developmentRegion = en;
			hasScannedForEncodings = 0;
			knownRegions = (
				en,
				Base,
			);
			mainGroup = 9F7F6F7427F1B5360064CE11;
			productRefGroup = 9F7F6F7E27F1B5360064CE11 /* Products */;
			projectDirPath = "";
			projectRoot = "";
			targets = (
				9F7F6F7C27F1B5360064CE11 /* WeatherApp */,
			);
		};
/* End PBXProject section */

/* Begin PBXResourcesBuildPhase section */
		9F7F6F7B27F1B5360064CE11 /* Resources */ = {
			isa = PBXResourcesBuildPhase;
			buildActionMask = 2147483647;
			files = (
				9F7F6F8D27F1B5370064CE11 /* LaunchScreen.storyboard in Resources */,
				9F7F6F8A27F1B5370064CE11 /* Assets.xcassets in Resources */,
				9F7F6F8827F1B5360064CE11 /* Main.storyboard in Resources */,
			);
			runOnlyForDeploymentPostprocessing = 0;
		};
/* End PBXResourcesBuildPhase section */

/* Begin PBXSourcesBuildPhase section */
		9F7F6F7927F1B5360064CE11 /* Sources */ = {
			isa = PBXSourcesBuildPhase;
			buildActionMask = 2147483647;
			files = (
				9F7F6F9B27F1D0E20064CE11 /* Extensions.swift in Sources */,
				9F7F6F8527F1B5360064CE11 /* SearchViewController.swift in Sources */,
				9F7F6F8127F1B5360064CE11 /* AppDelegate.swift in Sources */,
				9F7F6F8327F1B5360064CE11 /* SceneDelegate.swift in Sources */,
				9F7F6F9527F1BFC40064CE11 /* Constants.swift in Sources */,
				9F7F6F9F27F1DE440064CE11 /* WeatherInfoViewController.swift in Sources */,
				9F7F6FA127F1E3EF0064CE11 /* SearchTableViewCell.swift in Sources */,
			);
			runOnlyForDeploymentPostprocessing = 0;
		};
/* End PBXSourcesBuildPhase section */

/* Begin PBXVariantGroup section */
		9F7F6F8627F1B5360064CE11 /* Main.storyboard */ = {
			isa = PBXVariantGroup;
			children = (
				9F7F6F8727F1B5360064CE11 /* Base */,
			);
			name = Main.storyboard;
			sourceTree = "<group>";
		};
		9F7F6F8B27F1B5370064CE11 /* LaunchScreen.storyboard */ = {
			isa = PBXVariantGroup;
			children = (
				9F7F6F8C27F1B5370064CE11 /* Base */,
			);
			name = LaunchScreen.storyboard;
			sourceTree = "<group>";
		};
/* End PBXVariantGroup section */

/* Begin XCBuildConfiguration section */
		9F7F6F8F27F1B5370064CE11 /* Debug */ = {
			isa = XCBuildConfiguration;
			buildSettings = {
				ALWAYS_SEARCH_USER_PATHS = NO;
				CLANG_ANALYZER_NONNULL = YES;
				CLANG_ANALYZER_NUMBER_OBJECT_CONVERSION = YES_AGGRESSIVE;
				CLANG_CXX_LANGUAGE_STANDARD = "gnu++14";
				CLANG_CXX_LIBRARY = "libc++";
				CLANG_ENABLE_MODULES = YES;
				CLANG_ENABLE_OBJC_ARC = YES;
				CLANG_ENABLE_OBJC_WEAK = YES;
				CLANG_WARN_BLOCK_CAPTURE_AUTORELEASING = YES;
				CLANG_WARN_BOOL_CONVERSION = YES;
				CLANG_WARN_COMMA = YES;
				CLANG_WARN_CONSTANT_CONVERSION = YES;
				CLANG_WARN_DEPRECATED_OBJC_IMPLEMENTATIONS = YES;
				CLANG_WARN_DIRECT_OBJC_ISA_USAGE = YES_ERROR;
				CLANG_WARN_DOCUMENTATION_COMMENTS = YES;
				CLANG_WARN_EMPTY_BODY = YES;
				CLANG_WARN_ENUM_CONVERSION = YES;
				CLANG_WARN_INFINITE_RECURSION = YES;
				CLANG_WARN_INT_CONVERSION = YES;
				CLANG_WARN_NON_LITERAL_NULL_CONVERSION = YES;
				CLANG_WARN_OBJC_IMPLICIT_RETAIN_SELF = YES;
				CLANG_WARN_OBJC_LITERAL_CONVERSION = YES;
				CLANG_WARN_OBJC_ROOT_CLASS = YES_ERROR;
				CLANG_WARN_QUOTED_INCLUDE_IN_FRAMEWORK_HEADER = YES;
				CLANG_WARN_RANGE_LOOP_ANALYSIS = YES;
				CLANG_WARN_STRICT_PROTOTYPES = YES;
				CLANG_WARN_SUSPICIOUS_MOVE = YES;
				CLANG_WARN_UNGUARDED_AVAILABILITY = YES_AGGRESSIVE;
				CLANG_WARN_UNREACHABLE_CODE = YES;
				CLANG_WARN__DUPLICATE_METHOD_MATCH = YES;
				COPY_PHASE_STRIP = NO;
				DEBUG_INFORMATION_FORMAT = dwarf;
				ENABLE_STRICT_OBJC_MSGSEND = YES;
				ENABLE_TESTABILITY = YES;
				GCC_C_LANGUAGE_STANDARD = gnu11;
				GCC_DYNAMIC_NO_PIC = NO;
				GCC_NO_COMMON_BLOCKS = YES;
				GCC_OPTIMIZATION_LEVEL = 0;
				GCC_PREPROCESSOR_DEFINITIONS = (
					"DEBUG=1",
					"$(inherited)",
				);
				GCC_WARN_64_TO_32_BIT_CONVERSION = YES;
				GCC_WARN_ABOUT_RETURN_TYPE = YES_ERROR;
				GCC_WARN_UNDECLARED_SELECTOR = YES;
				GCC_WARN_UNINITIALIZED_AUTOS = YES_AGGRESSIVE;
				GCC_WARN_UNUSED_FUNCTION = YES;
				GCC_WARN_UNUSED_VARIABLE = YES;
				IPHONEOS_DEPLOYMENT_TARGET = 14.5;
				MTL_ENABLE_DEBUG_INFO = INCLUDE_SOURCE;
				MTL_FAST_MATH = YES;
				ONLY_ACTIVE_ARCH = YES;
				SDKROOT = iphoneos;
				SWIFT_ACTIVE_COMPILATION_CONDITIONS = DEBUG;
				SWIFT_OPTIMIZATION_LEVEL = "-Onone";
			};
			name = Debug;
		};
		9F7F6F9027F1B5370064CE11 /* Release */ = {
			isa = XCBuildConfiguration;
			buildSettings = {
				ALWAYS_SEARCH_USER_PATHS = NO;
				CLANG_ANALYZER_NONNULL = YES;
				CLANG_ANALYZER_NUMBER_OBJECT_CONVERSION = YES_AGGRESSIVE;
				CLANG_CXX_LANGUAGE_STANDARD = "gnu++14";
				CLANG_CXX_LIBRARY = "libc++";
				CLANG_ENABLE_MODULES = YES;
				CLANG_ENABLE_OBJC_ARC = YES;
				CLANG_ENABLE_OBJC_WEAK = YES;
				CLANG_WARN_BLOCK_CAPTURE_AUTORELEASING = YES;
				CLANG_WARN_BOOL_CONVERSION = YES;
				CLANG_WARN_COMMA = YES;
				CLANG_WARN_CONSTANT_CONVERSION = YES;
				CLANG_WARN_DEPRECATED_OBJC_IMPLEMENTATIONS = YES;
				CLANG_WARN_DIRECT_OBJC_ISA_USAGE = YES_ERROR;
				CLANG_WARN_DOCUMENTATION_COMMENTS = YES;
				CLANG_WARN_EMPTY_BODY = YES;
				CLANG_WARN_ENUM_CONVERSION = YES;
				CLANG_WARN_INFINITE_RECURSION = YES;
				CLANG_WARN_INT_CONVERSION = YES;
				CLANG_WARN_NON_LITERAL_NULL_CONVERSION = YES;
				CLANG_WARN_OBJC_IMPLICIT_RETAIN_SELF = YES;
				CLANG_WARN_OBJC_LITERAL_CONVERSION = YES;
				CLANG_WARN_OBJC_ROOT_CLASS = YES_ERROR;
				CLANG_WARN_QUOTED_INCLUDE_IN_FRAMEWORK_HEADER = YES;
				CLANG_WARN_RANGE_LOOP_ANALYSIS = YES;
				CLANG_WARN_STRICT_PROTOTYPES = YES;
				CLANG_WARN_SUSPICIOUS_MOVE = YES;
				CLANG_WARN_UNGUARDED_AVAILABILITY = YES_AGGRESSIVE;
				CLANG_WARN_UNREACHABLE_CODE = YES;
				CLANG_WARN__DUPLICATE_METHOD_MATCH = YES;
				COPY_PHASE_STRIP = NO;
				DEBUG_INFORMATION_FORMAT = "dwarf-with-dsym";
				ENABLE_NS_ASSERTIONS = NO;
				ENABLE_STRICT_OBJC_MSGSEND = YES;
				GCC_C_LANGUAGE_STANDARD = gnu11;
				GCC_NO_COMMON_BLOCKS = YES;
				GCC_WARN_64_TO_32_BIT_CONVERSION = YES;
				GCC_WARN_ABOUT_RETURN_TYPE = YES_ERROR;
				GCC_WARN_UNDECLARED_SELECTOR = YES;
				GCC_WARN_UNINITIALIZED_AUTOS = YES_AGGRESSIVE;
				GCC_WARN_UNUSED_FUNCTION = YES;
				GCC_WARN_UNUSED_VARIABLE = YES;
				IPHONEOS_DEPLOYMENT_TARGET = 14.5;
				MTL_ENABLE_DEBUG_INFO = NO;
				MTL_FAST_MATH = YES;
				SDKROOT = iphoneos;
				SWIFT_COMPILATION_MODE = wholemodule;
				SWIFT_OPTIMIZATION_LEVEL = "-O";
				VALIDATE_PRODUCT = YES;
			};
			name = Release;
		};
		9F7F6F9227F1B5370064CE11 /* Debug */ = {
			isa = XCBuildConfiguration;
			buildSettings = {
				ASSETCATALOG_COMPILER_APPICON_NAME = AppIcon;
				ASSETCATALOG_COMPILER_GLOBAL_ACCENT_COLOR_NAME = AccentColor;
				CODE_SIGN_STYLE = Automatic;
				INFOPLIST_FILE = WeatherApp/Info.plist;
				IPHONEOS_DEPLOYMENT_TARGET = 11.0;
				LD_RUNPATH_SEARCH_PATHS = (
					"$(inherited)",
					"@executable_path/Frameworks",
				);
				PRODUCT_BUNDLE_IDENTIFIER = com.vkgupta857.WeatherApp;
				PRODUCT_NAME = "$(TARGET_NAME)";
				SWIFT_VERSION = 5.0;
				TARGETED_DEVICE_FAMILY = "1,2";
			};
			name = Debug;
		};
		9F7F6F9327F1B5370064CE11 /* Release */ = {
			isa = XCBuildConfiguration;
			buildSettings = {
				ASSETCATALOG_COMPILER_APPICON_NAME = AppIcon;
				ASSETCATALOG_COMPILER_GLOBAL_ACCENT_COLOR_NAME = AccentColor;
				CODE_SIGN_STYLE = Automatic;
				INFOPLIST_FILE = WeatherApp/Info.plist;
				IPHONEOS_DEPLOYMENT_TARGET = 11.0;
				LD_RUNPATH_SEARCH_PATHS = (
					"$(inherited)",
					"@executable_path/Frameworks",
				);
				PRODUCT_BUNDLE_IDENTIFIER = com.vkgupta857.WeatherApp;
				PRODUCT_NAME = "$(TARGET_NAME)";
				SWIFT_VERSION = 5.0;
				TARGETED_DEVICE_FAMILY = "1,2";
			};
			name = Release;
		};
/* End XCBuildConfiguration section */

/* Begin XCConfigurationList section */
		9F7F6F7827F1B5360064CE11 /* Build configuration list for PBXProject "WeatherApp" */ = {
			isa = XCConfigurationList;
			buildConfigurations = (
				9F7F6F8F27F1B5370064CE11 /* Debug */,
				9F7F6F9027F1B5370064CE11 /* Release */,
			);
			defaultConfigurationIsVisible = 0;
			defaultConfigurationName = Release;
		};
		9F7F6F9127F1B5370064CE11 /* Build configuration list for PBXNativeTarget "WeatherApp" */ = {
			isa = XCConfigurationList;
			buildConfigurations = (
				9F7F6F9227F1B5370064CE11 /* Debug */,
				9F7F6F9327F1B5370064CE11 /* Release */,
			);
			defaultConfigurationIsVisible = 0;
			defaultConfigurationName = Release;
		};
/* End XCConfigurationList section */
	};
	rootObject = 9F7F6F7527F1B5360064CE11 /* Project object */;
}
